
Microsoft Visual Studio Solution File, Format Version 12.00
# Visual Studio Version 17
VisualStudioVersion = 17.14.36518.9 d17.14
MinimumVisualStudioVersion = 10.0.40219.1
Project("{FAE04EC0-301F-11D3-BF4B-00C04F79EFBC}") = "CapaPresentacion", "CapaPresentacion\CapaPresentacion.csproj", "{F86CC74C-3FEC-402E-A8AA-BE4D2E0BCD91}"
EndProject
Project("{FAE04EC0-301F-11D3-BF4B-00C04F79EFBC}") = "CapaNegocioBase", "..\LibreriasBase\CapaNegocioBase\CapaNegocioBase.csproj", "{24B98E93-CAF3-4B54-A458-9A0FBF262B83}"
EndProject
Project("{FAE04EC0-301F-11D3-BF4B-00C04F79EFBC}") = "CapaDatosBase", "..\LibreriasBase\CapaDatosBase\CapaDatosBase.csproj", "{6B78EEB9-5BFE-464E-B315-766997A120BC}"
EndProject
Project("{FAE04EC0-301F-11D3-BF4B-00C04F79EFBC}") = "CapaPresentacionBase", "..\LibreriasBase\CapaPresentacionBase\CapaPresentacionBase.csproj", "{263F025D-F0F5-4690-9213-6F4487849644}"
EndProject
Project("{FAE04EC0-301F-11D3-BF4B-00C04F79EFBC}") = "UserControls", "..\LibreriasBase\UserControls\UserControls.csproj", "{3EFFEB97-EAED-44F6-AD9F-8F78AA504A57}"
EndProject
Project("{FAE04EC0-301F-11D3-BF4B-00C04F79EFBC}") = "Migrador", "Migrador\Migrador.csproj", "{C2C1822B-F366-45C0-BB32-9F8E3B50C11E}"
EndProject
Project("{FAE04EC0-301F-11D3-BF4B-00C04F79EFBC}") = "Seguridad", "Seguridad\Seguridad.csproj", "{A676F98D-B6D2-41A2-A462-EEC6E98F337E}"
EndProject
Project("{FAE04EC0-301F-11D3-BF4B-00C04F79EFBC}") = "CapaNegocioMepryl", "CapaNegocioMepryl\CapaNegocioMepryl.csproj", "{636E34D1-C8A6-4219-A5D6-ECA1B0C0D6F0}"
EndProject
Project("{FAE04EC0-301F-11D3-BF4B-00C04F79EFBC}") = "Entidades", "Entidades\Entidades.csproj", "{E3C32025-96A0-4B87-8DF7-D7AA10CC299E}"
EndProject
Project("{FAE04EC0-301F-11D3-BF4B-00C04F79EFBC}") = "CapaDatosMepryl", "CapaDatosMepryl\CapaDatosMepryl.csproj", "{B10FAD2E-A0F0-4A2D-BD79-778DF61A529C}"
EndProject
Project("{FAE04EC0-301F-11D3-BF4B-00C04F79EFBC}") = "Administracion", "Administracion\Administracion.csproj", "{77BCC4AF-6AAC-41C6-991C-0368D161B793}"
EndProject
Project("{FAE04EC0-301F-11D3-BF4B-00C04F79EFBC}") = "CapaDatos", "CapaDatos\CapaDatos.csproj", "{AB5777C1-8AF9-4B82-8331-EFCEBEADA8BB}"
EndProject
Project("{FAE04EC0-301F-11D3-BF4B-00C04F79EFBC}") = "CapaNegocio", "CapaNegocio\CapaNegocio.csproj", "{7F6DF0E8-3A00-4465-B9DB-B88826705BA3}"
EndProject
Project("{FAE04EC0-301F-11D3-BF4B-00C04F79EFBC}") = "Comunes", "..\LibreriasBase\Comunes\Comunes.csproj", "{3A1AF435-5DB7-473C-9322-F0560A360E7F}"
EndProject
Project("{54435603-DBB4-11D2-8724-00A0C9A8B90C}") = "SetupMepryl2", "SetupMepryl2\SetupMepryl2.vdproj", "{DF31F5A6-D146-4E92-A50B-473E8A67D787}"
EndProject
Project("{54435603-DBB4-11D2-8724-00A0C9A8B90C}") = "SetupMeprylv3.0", "SetupMeprylV2.2-Prueba.vdproj", "{869FE788-4E3B-4148-AC3F-CCB9A36E099D}"
EndProject
Project("{54435603-DBB4-11D2-8724-00A0C9A8B90C}") = "Mepryl4.0_Setup", "..\Mepryl4.0_Setup\Mepryl4.0_Setup.vdproj", "{42EA0D11-F999-1B6B-BAEF-F9CA9BA2731E}"
EndProject
Global
	GlobalSection(SolutionConfigurationPlatforms) = preSolution
		Debug|Any CPU = Debug|Any CPU
		Debug|x86 = Debug|x86
		Release|Any CPU = Release|Any CPU
		Release|x86 = Release|x86
	EndGlobalSection
	GlobalSection(ProjectConfigurationPlatforms) = postSolution
		{F86CC74C-3FEC-402E-A8AA-BE4D2E0BCD91}.Debug|Any CPU.ActiveCfg = Debug|Any CPU
		{F86CC74C-3FEC-402E-A8AA-BE4D2E0BCD91}.Debug|Any CPU.Build.0 = Debug|Any CPU
		{F86CC74C-3FEC-402E-A8AA-BE4D2E0BCD91}.Debug|x86.ActiveCfg = Debug|x86
		{F86CC74C-3FEC-402E-A8AA-BE4D2E0BCD91}.Debug|x86.Build.0 = Debug|x86
		{F86CC74C-3FEC-402E-A8AA-BE4D2E0BCD91}.Release|Any CPU.ActiveCfg = Release|Any CPU
		{F86CC74C-3FEC-402E-A8AA-BE4D2E0BCD91}.Release|Any CPU.Build.0 = Release|Any CPU
		{F86CC74C-3FEC-402E-A8AA-BE4D2E0BCD91}.Release|x86.ActiveCfg = Release|x86
		{F86CC74C-3FEC-402E-A8AA-BE4D2E0BCD91}.Release|x86.Build.0 = Release|x86
		{24B98E93-CAF3-4B54-A458-9A0FBF262B83}.Debug|Any CPU.ActiveCfg = Debug|Any CPU
		{24B98E93-CAF3-4B54-A458-9A0FBF262B83}.Debug|Any CPU.Build.0 = Debug|Any CPU
		{24B98E93-CAF3-4B54-A458-9A0FBF262B83}.Debug|x86.ActiveCfg = Debug|x86
		{24B98E93-CAF3-4B54-A458-9A0FBF262B83}.Debug|x86.Build.0 = Debug|x86
		{24B98E93-CAF3-4B54-A458-9A0FBF262B83}.Release|Any CPU.ActiveCfg = Release|Any CPU
		{24B98E93-CAF3-4B54-A458-9A0FBF262B83}.Release|Any CPU.Build.0 = Release|Any CPU
		{24B98E93-CAF3-4B54-A458-9A0FBF262B83}.Release|x86.ActiveCfg = Release|x86
		{24B98E93-CAF3-4B54-A458-9A0FBF262B83}.Release|x86.Build.0 = Release|x86
		{6B78EEB9-5BFE-464E-B315-766997A120BC}.Debug|Any CPU.ActiveCfg = Debug|Any CPU
		{6B78EEB9-5BFE-464E-B315-766997A120BC}.Debug|Any CPU.Build.0 = Debug|Any CPU
		{6B78EEB9-5BFE-464E-B315-766997A120BC}.Debug|x86.ActiveCfg = Debug|x86
		{6B78EEB9-5BFE-464E-B315-766997A120BC}.Debug|x86.Build.0 = Debug|x86
		{6B78EEB9-5BFE-464E-B315-766997A120BC}.Release|Any CPU.ActiveCfg = Release|Any CPU
		{6B78EEB9-5BFE-464E-B315-766997A120BC}.Release|Any CPU.Build.0 = Release|Any CPU
		{6B78EEB9-5BFE-464E-B315-766997A120BC}.Release|x86.ActiveCfg = Release|x86
		{6B78EEB9-5BFE-464E-B315-766997A120BC}.Release|x86.Build.0 = Release|x86
		{263F025D-F0F5-4690-9213-6F4487849644}.Debug|Any CPU.ActiveCfg = Debug|Any CPU
		{263F025D-F0F5-4690-9213-6F4487849644}.Debug|Any CPU.Build.0 = Debug|Any CPU
		{263F025D-F0F5-4690-9213-6F4487849644}.Debug|x86.ActiveCfg = Debug|x86
		{263F025D-F0F5-4690-9213-6F4487849644}.Debug|x86.Build.0 = Debug|x86
		{263F025D-F0F5-4690-9213-6F4487849644}.Release|Any CPU.ActiveCfg = Release|Any CPU
		{263F025D-F0F5-4690-9213-6F4487849644}.Release|Any CPU.Build.0 = Release|Any CPU
		{263F025D-F0F5-4690-9213-6F4487849644}.Release|x86.ActiveCfg = Release|x86
		{263F025D-F0F5-4690-9213-6F4487849644}.Release|x86.Build.0 = Release|x86
		{3EFFEB97-EAED-44F6-AD9F-8F78AA504A57}.Debug|Any CPU.ActiveCfg = Debug|Any CPU
		{3EFFEB97-EAED-44F6-AD9F-8F78AA504A57}.Debug|Any CPU.Build.0 = Debug|Any CPU
		{3EFFEB97-EAED-44F6-AD9F-8F78AA504A57}.Debug|x86.ActiveCfg = Debug|x86
		{3EFFEB97-EAED-44F6-AD9F-8F78AA504A57}.Debug|x86.Build.0 = Debug|x86
		{3EFFEB97-EAED-44F6-AD9F-8F78AA504A57}.Release|Any CPU.ActiveCfg = Release|Any CPU
		{3EFFEB97-EAED-44F6-AD9F-8F78AA504A57}.Release|Any CPU.Build.0 = Release|Any CPU
		{3EFFEB97-EAED-44F6-AD9F-8F78AA504A57}.Release|x86.ActiveCfg = Release|x86
		{3EFFEB97-EAED-44F6-AD9F-8F78AA504A57}.Release|x86.Build.0 = Release|x86
		{C2C1822B-F366-45C0-BB32-9F8E3B50C11E}.Debug|Any CPU.ActiveCfg = Debug|Any CPU
		{C2C1822B-F366-45C0-BB32-9F8E3B50C11E}.Debug|Any CPU.Build.0 = Debug|Any CPU
		{C2C1822B-F366-45C0-BB32-9F8E3B50C11E}.Debug|x86.ActiveCfg = Debug|x86
		{C2C1822B-F366-45C0-BB32-9F8E3B50C11E}.Debug|x86.Build.0 = Debug|x86
		{C2C1822B-F366-45C0-BB32-9F8E3B50C11E}.Release|Any CPU.ActiveCfg = Release|Any CPU
		{C2C1822B-F366-45C0-BB32-9F8E3B50C11E}.Release|Any CPU.Build.0 = Release|Any CPU
		{C2C1822B-F366-45C0-BB32-9F8E3B50C11E}.Release|x86.ActiveCfg = Release|Any CPU
		{A676F98D-B6D2-41A2-A462-EEC6E98F337E}.Debug|Any CPU.ActiveCfg = Debug|Any CPU
		{A676F98D-B6D2-41A2-A462-EEC6E98F337E}.Debug|Any CPU.Build.0 = Debug|Any CPU
		{A676F98D-B6D2-41A2-A462-EEC6E98F337E}.Debug|x86.ActiveCfg = Debug|x86
		{A676F98D-B6D2-41A2-A462-EEC6E98F337E}.Debug|x86.Build.0 = Debug|x86
		{A676F98D-B6D2-41A2-A462-EEC6E98F337E}.Release|Any CPU.ActiveCfg = Release|Any CPU
		{A676F98D-B6D2-41A2-A462-EEC6E98F337E}.Release|Any CPU.Build.0 = Release|Any CPU
		{A676F98D-B6D2-41A2-A462-EEC6E98F337E}.Release|x86.ActiveCfg = Release|Any CPU
		{636E34D1-C8A6-4219-A5D6-ECA1B0C0D6F0}.Debug|Any CPU.ActiveCfg = Debug|Any CPU
		{636E34D1-C8A6-4219-A5D6-ECA1B0C0D6F0}.Debug|Any CPU.Build.0 = Debug|Any CPU
		{636E34D1-C8A6-4219-A5D6-ECA1B0C0D6F0}.Debug|x86.ActiveCfg = Debug|x86
		{636E34D1-C8A6-4219-A5D6-ECA1B0C0D6F0}.Debug|x86.Build.0 = Debug|x86
		{636E34D1-C8A6-4219-A5D6-ECA1B0C0D6F0}.Release|Any CPU.ActiveCfg = Release|Any CPU
		{636E34D1-C8A6-4219-A5D6-ECA1B0C0D6F0}.Release|Any CPU.Build.0 = Release|Any CPU
		{636E34D1-C8A6-4219-A5D6-ECA1B0C0D6F0}.Release|x86.ActiveCfg = Release|Any CPU
		{E3C32025-96A0-4B87-8DF7-D7AA10CC299E}.Debug|Any CPU.ActiveCfg = Debug|Any CPU
		{E3C32025-96A0-4B87-8DF7-D7AA10CC299E}.Debug|Any CPU.Build.0 = Debug|Any CPU
		{E3C32025-96A0-4B87-8DF7-D7AA10CC299E}.Debug|x86.ActiveCfg = Debug|x86
		{E3C32025-96A0-4B87-8DF7-D7AA10CC299E}.Debug|x86.Build.0 = Debug|x86
		{E3C32025-96A0-4B87-8DF7-D7AA10CC299E}.Release|Any CPU.ActiveCfg = Release|Any CPU
		{E3C32025-96A0-4B87-8DF7-D7AA10CC299E}.Release|Any CPU.Build.0 = Release|Any CPU
		{E3C32025-96A0-4B87-8DF7-D7AA10CC299E}.Release|x86.ActiveCfg = Release|Any CPU
		{B10FAD2E-A0F0-4A2D-BD79-778DF61A529C}.Debug|Any CPU.ActiveCfg = Debug|Any CPU
		{B10FAD2E-A0F0-4A2D-BD79-778DF61A529C}.Debug|Any CPU.Build.0 = Debug|Any CPU
		{B10FAD2E-A0F0-4A2D-BD79-778DF61A529C}.Debug|x86.ActiveCfg = Debug|x86
		{B10FAD2E-A0F0-4A2D-BD79-778DF61A529C}.Debug|x86.Build.0 = Debug|x86
		{B10FAD2E-A0F0-4A2D-BD79-778DF61A529C}.Release|Any CPU.ActiveCfg = Release|Any CPU
		{B10FAD2E-A0F0-4A2D-BD79-778DF61A529C}.Release|Any CPU.Build.0 = Release|Any CPU
		{B10FAD2E-A0F0-4A2D-BD79-778DF61A529C}.Release|x86.ActiveCfg = Release|Any CPU
		{77BCC4AF-6AAC-41C6-991C-0368D161B793}.Debug|Any CPU.ActiveCfg = Debug|Any CPU
		{77BCC4AF-6AAC-41C6-991C-0368D161B793}.Debug|Any CPU.Build.0 = Debug|Any CPU
		{77BCC4AF-6AAC-41C6-991C-0368D161B793}.Debug|x86.ActiveCfg = Debug|x86
		{77BCC4AF-6AAC-41C6-991C-0368D161B793}.Debug|x86.Build.0 = Debug|x86
		{77BCC4AF-6AAC-41C6-991C-0368D161B793}.Release|Any CPU.ActiveCfg = Release|Any CPU
		{77BCC4AF-6AAC-41C6-991C-0368D161B793}.Release|Any CPU.Build.0 = Release|Any CPU
		{77BCC4AF-6AAC-41C6-991C-0368D161B793}.Release|x86.ActiveCfg = Release|x86
		{77BCC4AF-6AAC-41C6-991C-0368D161B793}.Release|x86.Build.0 = Release|x86
		{AB5777C1-8AF9-4B82-8331-EFCEBEADA8BB}.Debug|Any CPU.ActiveCfg = Debug|Any CPU
		{AB5777C1-8AF9-4B82-8331-EFCEBEADA8BB}.Debug|Any CPU.Build.0 = Debug|Any CPU
		{AB5777C1-8AF9-4B82-8331-EFCEBEADA8BB}.Debug|x86.ActiveCfg = Debug|x86
		{AB5777C1-8AF9-4B82-8331-EFCEBEADA8BB}.Debug|x86.Build.0 = Debug|x86
		{AB5777C1-8AF9-4B82-8331-EFCEBEADA8BB}.Release|Any CPU.ActiveCfg = Release|Any CPU
		{AB5777C1-8AF9-4B82-8331-EFCEBEADA8BB}.Release|Any CPU.Build.0 = Release|Any CPU
		{AB5777C1-8AF9-4B82-8331-EFCEBEADA8BB}.Release|x86.ActiveCfg = Release|x86
		{AB5777C1-8AF9-4B82-8331-EFCEBEADA8BB}.Release|x86.Build.0 = Release|x86
		{7F6DF0E8-3A00-4465-B9DB-B88826705BA3}.Debug|Any CPU.ActiveCfg = Debug|Any CPU
		{7F6DF0E8-3A00-4465-B9DB-B88826705BA3}.Debug|Any CPU.Build.0 = Debug|Any CPU
		{7F6DF0E8-3A00-4465-B9DB-B88826705BA3}.Debug|x86.ActiveCfg = Debug|x86
		{7F6DF0E8-3A00-4465-B9DB-B88826705BA3}.Debug|x86.Build.0 = Debug|x86
		{7F6DF0E8-3A00-4465-B9DB-B88826705BA3}.Release|Any CPU.ActiveCfg = Release|Any CPU
		{7F6DF0E8-3A00-4465-B9DB-B88826705BA3}.Release|Any CPU.Build.0 = Release|Any CPU
		{7F6DF0E8-3A00-4465-B9DB-B88826705BA3}.Release|x86.ActiveCfg = Release|x86
		{7F6DF0E8-3A00-4465-B9DB-B88826705BA3}.Release|x86.Build.0 = Release|x86
		{3A1AF435-5DB7-473C-9322-F0560A360E7F}.Debug|Any CPU.ActiveCfg = Debug|Any CPU
		{3A1AF435-5DB7-473C-9322-F0560A360E7F}.Debug|Any CPU.Build.0 = Debug|Any CPU
		{3A1AF435-5DB7-473C-9322-F0560A360E7F}.Debug|x86.ActiveCfg = Debug|x86
		{3A1AF435-5DB7-473C-9322-F0560A360E7F}.Debug|x86.Build.0 = Debug|x86
		{3A1AF435-5DB7-473C-9322-F0560A360E7F}.Release|Any CPU.ActiveCfg = Release|Any CPU
		{3A1AF435-5DB7-473C-9322-F0560A360E7F}.Release|Any CPU.Build.0 = Release|Any CPU
		{3A1AF435-5DB7-473C-9322-F0560A360E7F}.Release|x86.ActiveCfg = Release|x86
		{3A1AF435-5DB7-473C-9322-F0560A360E7F}.Release|x86.Build.0 = Release|x86
		{DF31F5A6-D146-4E92-A50B-473E8A67D787}.Debug|Any CPU.ActiveCfg = Debug
		{DF31F5A6-D146-4E92-A50B-473E8A67D787}.Debug|x86.ActiveCfg = Debug
		{DF31F5A6-D146-4E92-A50B-473E8A67D787}.Release|Any CPU.ActiveCfg = Release
		{DF31F5A6-D146-4E92-A50B-473E8A67D787}.Release|x86.ActiveCfg = Release
		{869FE788-4E3B-4148-AC3F-CCB9A36E099D}.Debug|Any CPU.ActiveCfg = Debug
		{869FE788-4E3B-4148-AC3F-CCB9A36E099D}.Debug|x86.ActiveCfg = Debug
		{869FE788-4E3B-4148-AC3F-CCB9A36E099D}.Release|Any CPU.ActiveCfg = Release
		{869FE788-4E3B-4148-AC3F-CCB9A36E099D}.Release|x86.ActiveCfg = Release
		{42EA0D11-F999-1B6B-BAEF-F9CA9BA2731E}.Debug|Any CPU.ActiveCfg = Debug
		{42EA0D11-F999-1B6B-BAEF-F9CA9BA2731E}.Debug|x86.ActiveCfg = Debug
		{42EA0D11-F999-1B6B-BAEF-F9CA9BA2731E}.Release|Any CPU.ActiveCfg = Release
		{42EA0D11-F999-1B6B-BAEF-F9CA9BA2731E}.Release|x86.ActiveCfg = Release
	EndGlobalSection
	GlobalSection(SolutionProperties) = preSolution
		HideSolutionNode = FALSE
	EndGlobalSection
	GlobalSection(ExtensibilityGlobals) = postSolution
		SolutionGuid = {C2754C80-261A-4753-A429-C22BAC76F60C}
	EndGlobalSection
EndGlobal
